
Microsoft Visual Studio Solution File, Format Version 12.00
# Visual Studio Version 16
VisualStudioVersion = 16.0.30804.86
MinimumVisualStudioVersion = 10.0.40219.1
Project("{FAE04EC0-301F-11D3-BF4B-00C04F79EFBC}") = "CSharpExamples", "CSharpExamples\CSharpExamples.csproj", "{1A0326BD-4399-4CD6-BA37-62949B814BF5}"
EndProject
Project("{FAE04EC0-301F-11D3-BF4B-00C04F79EFBC}") = "OutandRefKeywords", "OutandRefKeywords\OutandRefKeywords.csproj", "{DDF3D477-8F02-4218-8004-05D1695AA5B7}"
EndProject
Project("{FAE04EC0-301F-11D3-BF4B-00C04F79EFBC}") = "ClassMetotDemo", "ClassMetotDemo\ClassMetotDemo.csproj", "{9457E5D7-F759-4C42-9B05-5DC8F38B8BBA}"
EndProject
Global
	GlobalSection(SolutionConfigurationPlatforms) = preSolution
		Debug|Any CPU = Debug|Any CPU
		Release|Any CPU = Release|Any CPU
	EndGlobalSection
	GlobalSection(ProjectConfigurationPlatforms) = postSolution
		{1A0326BD-4399-4CD6-BA37-62949B814BF5}.Debug|Any CPU.ActiveCfg = Debug|Any CPU
		{1A0326BD-4399-4CD6-BA37-62949B814BF5}.Debug|Any CPU.Build.0 = Debug|Any CPU
		{1A0326BD-4399-4CD6-BA37-62949B814BF5}.Release|Any CPU.ActiveCfg = Release|Any CPU
		{1A0326BD-4399-4CD6-BA37-62949B814BF5}.Release|Any CPU.Build.0 = Release|Any CPU
		{DDF3D477-8F02-4218-8004-05D1695AA5B7}.Debug|Any CPU.ActiveCfg = Debug|Any CPU
		{DDF3D477-8F02-4218-8004-05D1695AA5B7}.Debug|Any CPU.Build.0 = Debug|Any CPU
		{DDF3D477-8F02-4218-8004-05D1695AA5B7}.Release|Any CPU.ActiveCfg = Release|Any CPU
		{DDF3D477-8F02-4218-8004-05D1695AA5B7}.Release|Any CPU.Build.0 = Release|Any CPU
		{9457E5D7-F759-4C42-9B05-5DC8F38B8BBA}.Debug|Any CPU.ActiveCfg = Debug|Any CPU
		{9457E5D7-F759-4C42-9B05-5DC8F38B8BBA}.Debug|Any CPU.Build.0 = Debug|Any CPU
		{9457E5D7-F759-4C42-9B05-5DC8F38B8BBA}.Release|Any CPU.ActiveCfg = Release|Any CPU
		{9457E5D7-F759-4C42-9B05-5DC8F38B8BBA}.Release|Any CPU.Build.0 = Release|Any CPU
	EndGlobalSection
	GlobalSection(SolutionProperties) = preSolution
		HideSolutionNode = FALSE
	EndGlobalSection
	GlobalSection(ExtensibilityGlobals) = postSolution
		SolutionGuid = {E3C096BE-67B4-43F5-90C9-E8FA2E7DFDA6}
	EndGlobalSection
EndGlobal
